// !$*UTF8*$!
{
	archiveVersion = 1;
	classes = {
	};
	objectVersion = 50;
	objects = {

/* Begin PBXBuildFile section */
		4A894E1D243989B200157F27 /* AppDelegate.swift in Sources */ = {isa = PBXBuildFile; fileRef = 4A894E1C243989B200157F27 /* AppDelegate.swift */; };
		4A894E1F243989B200157F27 /* SceneDelegate.swift in Sources */ = {isa = PBXBuildFile; fileRef = 4A894E1E243989B200157F27 /* SceneDelegate.swift */; };
		4A894E21243989B200157F27 /* ContentView.swift in Sources */ = {isa = PBXBuildFile; fileRef = 4A894E20243989B200157F27 /* ContentView.swift */; };
		4A894E23243989B300157F27 /* Assets.xcassets in Resources */ = {isa = PBXBuildFile; fileRef = 4A894E22243989B300157F27 /* Assets.xcassets */; };
		4A894E26243989B300157F27 /* Preview Assets.xcassets in Resources */ = {isa = PBXBuildFile; fileRef = 4A894E25243989B300157F27 /* Preview Assets.xcassets */; };
		4A894E29243989B300157F27 /* LaunchScreen.storyboard in Resources */ = {isa = PBXBuildFile; fileRef = 4A894E27243989B300157F27 /* LaunchScreen.storyboard */; };
		4A894E3224399C9F00157F27 /* SiginButton.swift in Sources */ = {isa = PBXBuildFile; fileRef = 4A894E3124399C9F00157F27 /* SiginButton.swift */; };
		4A894E3424399CDC00157F27 /* SignupView.swift in Sources */ = {isa = PBXBuildFile; fileRef = 4A894E3324399CDC00157F27 /* SignupView.swift */; };
		4A894E3624399CFC00157F27 /* PasswordTextField.swift in Sources */ = {isa = PBXBuildFile; fileRef = 4A894E3524399CFC00157F27 /* PasswordTextField.swift */; };
		4A894E3824399D0E00157F27 /* EmailTextField.swift in Sources */ = {isa = PBXBuildFile; fileRef = 4A894E3724399D0E00157F27 /* EmailTextField.swift */; };
		4A894E3A24399D3F00157F27 /* Sigin+HeaderView.swift in Sources */ = {isa = PBXBuildFile; fileRef = 4A894E3924399D3F00157F27 /* Sigin+HeaderView.swift */; };
		4A894E3C24399ECE00157F27 /* Modifiers.swift in Sources */ = {isa = PBXBuildFile; fileRef = 4A894E3B24399ECE00157F27 /* Modifiers.swift */; };
		4A894E3E2439A23600157F27 /* Constants.swift in Sources */ = {isa = PBXBuildFile; fileRef = 4A894E3D2439A23600157F27 /* Constants.swift */; };
/* End PBXBuildFile section */

/* Begin PBXFileReference section */
		4A894E19243989B200157F27 /* Devstagram.app */ = {isa = PBXFileReference; explicitFileType = wrapper.application; includeInIndex = 0; path = Devstagram.app; sourceTree = BUILT_PRODUCTS_DIR; };
		4A894E1C243989B200157F27 /* AppDelegate.swift */ = {isa = PBXFileReference; lastKnownFileType = sourcecode.swift; path = AppDelegate.swift; sourceTree = "<group>"; };
		4A894E1E243989B200157F27 /* SceneDelegate.swift */ = {isa = PBXFileReference; lastKnownFileType = sourcecode.swift; path = SceneDelegate.swift; sourceTree = "<group>"; };
		4A894E20243989B200157F27 /* ContentView.swift */ = {isa = PBXFileReference; lastKnownFileType = sourcecode.swift; path = ContentView.swift; sourceTree = "<group>"; };
		4A894E22243989B300157F27 /* Assets.xcassets */ = {isa = PBXFileReference; lastKnownFileType = folder.assetcatalog; path = Assets.xcassets; sourceTree = "<group>"; };
		4A894E25243989B300157F27 /* Preview Assets.xcassets */ = {isa = PBXFileReference; lastKnownFileType = folder.assetcatalog; path = "Preview Assets.xcassets"; sourceTree = "<group>"; };
		4A894E28243989B300157F27 /* Base */ = {isa = PBXFileReference; lastKnownFileType = file.storyboard; name = Base; path = Base.lproj/LaunchScreen.storyboard; sourceTree = "<group>"; };
		4A894E2A243989B300157F27 /* Info.plist */ = {isa = PBXFileReference; lastKnownFileType = text.plist.xml; path = Info.plist; sourceTree = "<group>"; };
		4A894E3124399C9F00157F27 /* SiginButton.swift */ = {isa = PBXFileReference; lastKnownFileType = sourcecode.swift; path = SiginButton.swift; sourceTree = "<group>"; };
		4A894E3324399CDC00157F27 /* SignupView.swift */ = {isa = PBXFileReference; lastKnownFileType = sourcecode.swift; path = SignupView.swift; sourceTree = "<group>"; };
		4A894E3524399CFC00157F27 /* PasswordTextField.swift */ = {isa = PBXFileReference; lastKnownFileType = sourcecode.swift; path = PasswordTextField.swift; sourceTree = "<group>"; };
		4A894E3724399D0E00157F27 /* EmailTextField.swift */ = {isa = PBXFileReference; lastKnownFileType = sourcecode.swift; path = EmailTextField.swift; sourceTree = "<group>"; };
		4A894E3924399D3F00157F27 /* Sigin+HeaderView.swift */ = {isa = PBXFileReference; lastKnownFileType = sourcecode.swift; path = "Sigin+HeaderView.swift"; sourceTree = "<group>"; };
		4A894E3B24399ECE00157F27 /* Modifiers.swift */ = {isa = PBXFileReference; lastKnownFileType = sourcecode.swift; path = Modifiers.swift; sourceTree = "<group>"; };
		4A894E3D2439A23600157F27 /* Constants.swift */ = {isa = PBXFileReference; lastKnownFileType = sourcecode.swift; path = Constants.swift; sourceTree = "<group>"; };
/* End PBXFileReference section */

/* Begin PBXFrameworksBuildPhase section */
		4A894E16243989B200157F27 /* Frameworks */ = {
			isa = PBXFrameworksBuildPhase;
			buildActionMask = 2147483647;
			files = (
			);
			runOnlyForDeploymentPostprocessing = 0;
		};
/* End PBXFrameworksBuildPhase section */

/* Begin PBXGroup section */
		4A894E10243989B200157F27 = {
			isa = PBXGroup;
			children = (
				4A894E1B243989B200157F27 /* Devstagram */,
				4A894E1A243989B200157F27 /* Products */,
			);
			sourceTree = "<group>";
		};
		4A894E1A243989B200157F27 /* Products */ = {
			isa = PBXGroup;
			children = (
				4A894E19243989B200157F27 /* Devstagram.app */,
			);
			name = Products;
			sourceTree = "<group>";
		};
		4A894E1B243989B200157F27 /* Devstagram */ = {
			isa = PBXGroup;
			children = (
				4A894E1C243989B200157F27 /* AppDelegate.swift */,
				4A894E1E243989B200157F27 /* SceneDelegate.swift */,
				4A894E20243989B200157F27 /* ContentView.swift */,
				4A894E3B24399ECE00157F27 /* Modifiers.swift */,
				4A894E3D2439A23600157F27 /* Constants.swift */,
				4A894E3024399C8600157F27 /* Components */,
				4A894E22243989B300157F27 /* Assets.xcassets */,
				4A894E27243989B300157F27 /* LaunchScreen.storyboard */,
				4A894E2A243989B300157F27 /* Info.plist */,
				4A894E24243989B300157F27 /* Preview Content */,
			);
			path = Devstagram;
			sourceTree = "<group>";
		};
		4A894E24243989B300157F27 /* Preview Content */ = {
			isa = PBXGroup;
			children = (
				4A894E25243989B300157F27 /* Preview Assets.xcassets */,
			);
			path = "Preview Content";
			sourceTree = "<group>";
		};
		4A894E3024399C8600157F27 /* Components */ = {
			isa = PBXGroup;
			children = (
				4A894E3924399D3F00157F27 /* Sigin+HeaderView.swift */,
				4A894E3124399C9F00157F27 /* SiginButton.swift */,
				4A894E3324399CDC00157F27 /* SignupView.swift */,
				4A894E3524399CFC00157F27 /* PasswordTextField.swift */,
				4A894E3724399D0E00157F27 /* EmailTextField.swift */,
			);
			path = Components;
			sourceTree = "<group>";
		};
/* End PBXGroup section */

/* Begin PBXNativeTarget section */
		4A894E18243989B200157F27 /* Devstagram */ = {
			isa = PBXNativeTarget;
			buildConfigurationList = 4A894E2D243989B300157F27 /* Build configuration list for PBXNativeTarget "Devstagram" */;
			buildPhases = (
				4A894E15243989B200157F27 /* Sources */,
				4A894E16243989B200157F27 /* Frameworks */,
				4A894E17243989B200157F27 /* Resources */,
			);
			buildRules = (
			);
			dependencies = (
			);
			name = Devstagram;
			productName = Devstagram;
			productReference = 4A894E19243989B200157F27 /* Devstagram.app */;
			productType = "com.apple.product-type.application";
		};
/* End PBXNativeTarget section */

/* Begin PBXProject section */
		4A894E11243989B200157F27 /* Project object */ = {
			isa = PBXProject;
			attributes = {
				LastSwiftUpdateCheck = 1140;
				LastUpgradeCheck = 1140;
				ORGANIZATIONNAME = Harry;
				TargetAttributes = {
					4A894E18243989B200157F27 = {
						CreatedOnToolsVersion = 11.4;
					};
				};
			};
			buildConfigurationList = 4A894E14243989B200157F27 /* Build configuration list for PBXProject "Devstagram" */;
			compatibilityVersion = "Xcode 9.3";
			developmentRegion = en;
			hasScannedForEncodings = 0;
			knownRegions = (
				en,
				Base,
			);
			mainGroup = 4A894E10243989B200157F27;
			productRefGroup = 4A894E1A243989B200157F27 /* Products */;
			projectDirPath = "";
			projectRoot = "";
			targets = (
				4A894E18243989B200157F27 /* Devstagram */,
			);
		};
/* End PBXProject section */

/* Begin PBXResourcesBuildPhase section */
		4A894E17243989B200157F27 /* Resources */ = {
			isa = PBXResourcesBuildPhase;
			buildActionMask = 2147483647;
			files = (
				4A894E29243989B300157F27 /* LaunchScreen.storyboard in Resources */,
				4A894E26243989B300157F27 /* Preview Assets.xcassets in Resources */,
				4A894E23243989B300157F27 /* Assets.xcassets in Resources */,
			);
			runOnlyForDeploymentPostprocessing = 0;
		};
/* End PBXResourcesBuildPhase section */

/* Begin PBXSourcesBuildPhase section */
		4A894E15243989B200157F27 /* Sources */ = {
			isa = PBXSourcesBuildPhase;
			buildActionMask = 2147483647;
			files = (
				4A894E1D243989B200157F27 /* AppDelegate.swift in Sources */,
				4A894E1F243989B200157F27 /* SceneDelegate.swift in Sources */,
				4A894E3A24399D3F00157F27 /* Sigin+HeaderView.swift in Sources */,
				4A894E3824399D0E00157F27 /* EmailTextField.swift in Sources */,
				4A894E3624399CFC00157F27 /* PasswordTextField.swift in Sources */,
				4A894E3E2439A23600157F27 /* Constants.swift in Sources */,
				4A894E3224399C9F00157F27 /* SiginButton.swift in Sources */,
				4A894E21243989B200157F27 /* ContentView.swift in Sources */,
				4A894E3C24399ECE00157F27 /* Modifiers.swift in Sources */,
				4A894E3424399CDC00157F27 /* SignupView.swift in Sources */,
			);
			runOnlyForDeploymentPostprocessing = 0;
		};
/* End PBXSourcesBuildPhase section */

/* Begin PBXVariantGroup section */
		4A894E27243989B300157F27 /* LaunchScreen.storyboard */ = {
			isa = PBXVariantGroup;
			children = (
				4A894E28243989B300157F27 /* Base */,
			);
			name = LaunchScreen.storyboard;
			sourceTree = "<group>";
		};
/* End PBXVariantGroup section */

/* Begin XCBuildConfiguration section */
		4A894E2B243989B300157F27 /* Debug */ = {
			isa = XCBuildConfiguration;
			buildSettings = {
				ALWAYS_SEARCH_USER_PATHS = NO;
				CLANG_ANALYZER_NONNULL = YES;
				CLANG_ANALYZER_NUMBER_OBJECT_CONVERSION = YES_AGGRESSIVE;
				CLANG_CXX_LANGUAGE_STANDARD = "gnu++14";
				CLANG_CXX_LIBRARY = "libc++";
				CLANG_ENABLE_MODULES = YES;
				CLANG_ENABLE_OBJC_ARC = YES;
				CLANG_ENABLE_OBJC_WEAK = YES;
				CLANG_WARN_BLOCK_CAPTURE_AUTORELEASING = YES;
				CLANG_WARN_BOOL_CONVERSION = YES;
				CLANG_WARN_COMMA = YES;
				CLANG_WARN_CONSTANT_CONVERSION = YES;
				CLANG_WARN_DEPRECATED_OBJC_IMPLEMENTATIONS = YES;
				CLANG_WARN_DIRECT_OBJC_ISA_USAGE = YES_ERROR;
				CLANG_WARN_DOCUMENTATION_COMMENTS = YES;
				CLANG_WARN_EMPTY_BODY = YES;
				CLANG_WARN_ENUM_CONVERSION = YES;
				CLANG_WARN_INFINITE_RECURSION = YES;
				CLANG_WARN_INT_CONVERSION = YES;
				CLANG_WARN_NON_LITERAL_NULL_CONVERSION = YES;
				CLANG_WARN_OBJC_IMPLICIT_RETAIN_SELF = YES;
				CLANG_WARN_OBJC_LITERAL_CONVERSION = YES;
				CLANG_WARN_OBJC_ROOT_CLASS = YES_ERROR;
				CLANG_WARN_RANGE_LOOP_ANALYSIS = YES;
				CLANG_WARN_STRICT_PROTOTYPES = YES;
				CLANG_WARN_SUSPICIOUS_MOVE = YES;
				CLANG_WARN_UNGUARDED_AVAILABILITY = YES_AGGRESSIVE;
				CLANG_WARN_UNREACHABLE_CODE = YES;
				CLANG_WARN__DUPLICATE_METHOD_MATCH = YES;
				COPY_PHASE_STRIP = NO;
				DEBUG_INFORMATION_FORMAT = dwarf;
				ENABLE_STRICT_OBJC_MSGSEND = YES;
				ENABLE_TESTABILITY = YES;
				GCC_C_LANGUAGE_STANDARD = gnu11;
				GCC_DYNAMIC_NO_PIC = NO;
				GCC_NO_COMMON_BLOCKS = YES;
				GCC_OPTIMIZATION_LEVEL = 0;
				GCC_PREPROCESSOR_DEFINITIONS = (
					"DEBUG=1",
					"$(inherited)",
				);
				GCC_WARN_64_TO_32_BIT_CONVERSION = YES;
				GCC_WARN_ABOUT_RETURN_TYPE = YES_ERROR;
				GCC_WARN_UNDECLARED_SELECTOR = YES;
				GCC_WARN_UNINITIALIZED_AUTOS = YES_AGGRESSIVE;
				GCC_WARN_UNUSED_FUNCTION = YES;
				GCC_WARN_UNUSED_VARIABLE = YES;
				IPHONEOS_DEPLOYMENT_TARGET = 13.4;
				MTL_ENABLE_DEBUG_INFO = INCLUDE_SOURCE;
				MTL_FAST_MATH = YES;
				ONLY_ACTIVE_ARCH = YES;
				SDKROOT = iphoneos;
				SWIFT_ACTIVE_COMPILATION_CONDITIONS = DEBUG;
				SWIFT_OPTIMIZATION_LEVEL = "-Onone";
			};
			name = Debug;
		};
		4A894E2C243989B300157F27 /* Release */ = {
			isa = XCBuildConfiguration;
			buildSettings = {
				ALWAYS_SEARCH_USER_PATHS = NO;
				CLANG_ANALYZER_NONNULL = YES;
				CLANG_ANALYZER_NUMBER_OBJECT_CONVERSION = YES_AGGRESSIVE;
				CLANG_CXX_LANGUAGE_STANDARD = "gnu++14";
				CLANG_CXX_LIBRARY = "libc++";
				CLANG_ENABLE_MODULES = YES;
				CLANG_ENABLE_OBJC_ARC = YES;
				CLANG_ENABLE_OBJC_WEAK = YES;
				CLANG_WARN_BLOCK_CAPTURE_AUTORELEASING = YES;
				CLANG_WARN_BOOL_CONVERSION = YES;
				CLANG_WARN_COMMA = YES;
				CLANG_WARN_CONSTANT_CONVERSION = YES;
				CLANG_WARN_DEPRECATED_OBJC_IMPLEMENTATIONS = YES;
				CLANG_WARN_DIRECT_OBJC_ISA_USAGE = YES_ERROR;
				CLANG_WARN_DOCUMENTATION_COMMENTS = YES;
				CLANG_WARN_EMPTY_BODY = YES;
				CLANG_WARN_ENUM_CONVERSION = YES;
				CLANG_WARN_INFINITE_RECURSION = YES;
				CLANG_WARN_INT_CONVERSION = YES;
				CLANG_WARN_NON_LITERAL_NULL_CONVERSION = YES;
				CLANG_WARN_OBJC_IMPLICIT_RETAIN_SELF = YES;
				CLANG_WARN_OBJC_LITERAL_CONVERSION = YES;
				CLANG_WARN_OBJC_ROOT_CLASS = YES_ERROR;
				CLANG_WARN_RANGE_LOOP_ANALYSIS = YES;
				CLANG_WARN_STRICT_PROTOTYPES = YES;
				CLANG_WARN_SUSPICIOUS_MOVE = YES;
				CLANG_WARN_UNGUARDED_AVAILABILITY = YES_AGGRESSIVE;
				CLANG_WARN_UNREACHABLE_CODE = YES;
				CLANG_WARN__DUPLICATE_METHOD_MATCH = YES;
				COPY_PHASE_STRIP = NO;
				DEBUG_INFORMATION_FORMAT = "dwarf-with-dsym";
				ENABLE_NS_ASSERTIONS = NO;
				ENABLE_STRICT_OBJC_MSGSEND = YES;
				GCC_C_LANGUAGE_STANDARD = gnu11;
				GCC_NO_COMMON_BLOCKS = YES;
				GCC_WARN_64_TO_32_BIT_CONVERSION = YES;
				GCC_WARN_ABOUT_RETURN_TYPE = YES_ERROR;
				GCC_WARN_UNDECLARED_SELECTOR = YES;
				GCC_WARN_UNINITIALIZED_AUTOS = YES_AGGRESSIVE;
				GCC_WARN_UNUSED_FUNCTION = YES;
				GCC_WARN_UNUSED_VARIABLE = YES;
				IPHONEOS_DEPLOYMENT_TARGET = 13.4;
				MTL_ENABLE_DEBUG_INFO = NO;
				MTL_FAST_MATH = YES;
				SDKROOT = iphoneos;
				SWIFT_COMPILATION_MODE = wholemodule;
				SWIFT_OPTIMIZATION_LEVEL = "-O";
				VALIDATE_PRODUCT = YES;
			};
			name = Release;
		};
		4A894E2E243989B300157F27 /* Debug */ = {
			isa = XCBuildConfiguration;
			buildSettings = {
				ASSETCATALOG_COMPILER_APPICON_NAME = AppIcon;
				CODE_SIGN_STYLE = Automatic;
				DEVELOPMENT_ASSET_PATHS = "\"Devstagram/Preview Content\"";
				DEVELOPMENT_TEAM = 46SPJZ9KQP;
				ENABLE_PREVIEWS = YES;
				INFOPLIST_FILE = Devstagram/Info.plist;
				LD_RUNPATH_SEARCH_PATHS = (
					"$(inherited)",
					"@executable_path/Frameworks",
				);
				PRODUCT_BUNDLE_IDENTIFIER = pw.harryng.Devstagram;
				PRODUCT_NAME = "$(TARGET_NAME)";
				SWIFT_VERSION = 5.0;
				TARGETED_DEVICE_FAMILY = "1,2";
			};
			name = Debug;
		};
		4A894E2F243989B300157F27 /* Release */ = {
			isa = XCBuildConfiguration;
			buildSettings = {
				ASSETCATALOG_COMPILER_APPICON_NAME = AppIcon;
				CODE_SIGN_STYLE = Automatic;
				DEVELOPMENT_ASSET_PATHS = "\"Devstagram/Preview Content\"";
				DEVELOPMENT_TEAM = 46SPJZ9KQP;
				ENABLE_PREVIEWS = YES;
				INFOPLIST_FILE = Devstagram/Info.plist;
				LD_RUNPATH_SEARCH_PATHS = (
					"$(inherited)",
					"@executable_path/Frameworks",
				);
				PRODUCT_BUNDLE_IDENTIFIER = pw.harryng.Devstagram;
				PRODUCT_NAME = "$(TARGET_NAME)";
				SWIFT_VERSION = 5.0;
				TARGETED_DEVICE_FAMILY = "1,2";
			};
			name = Release;
		};
/* End XCBuildConfiguration section */

/* Begin XCConfigurationList section */
		4A894E14243989B200157F27 /* Build configuration list for PBXProject "Devstagram" */ = {
			isa = XCConfigurationList;
			buildConfigurations = (
				4A894E2B243989B300157F27 /* Debug */,
				4A894E2C243989B300157F27 /* Release */,
			);
			defaultConfigurationIsVisible = 0;
			defaultConfigurationName = Release;
		};
		4A894E2D243989B300157F27 /* Build configuration list for PBXNativeTarget "Devstagram" */ = {
			isa = XCConfigurationList;
			buildConfigurations = (
				4A894E2E243989B300157F27 /* Debug */,
				4A894E2F243989B300157F27 /* Release */,
			);
			defaultConfigurationIsVisible = 0;
			defaultConfigurationName = Release;
		};
/* End XCConfigurationList section */
	};
	rootObject = 4A894E11243989B200157F27 /* Project object */;
}
